// !$*UTF8*$!
{
	archiveVersion = 1;
	classes = {
	};
	objectVersion = 46;
	objects = {

/* Begin PBXBuildFile section */
		AB576C921F1A4831006338EC /* AppDelegate.swift in Sources */ = {isa = PBXBuildFile; fileRef = AB576C911F1A4831006338EC /* AppDelegate.swift */; };
		AB576C941F1A4831006338EC /* ViewController.swift in Sources */ = {isa = PBXBuildFile; fileRef = AB576C931F1A4831006338EC /* ViewController.swift */; };
		AB576C971F1A4831006338EC /* Main.storyboard in Resources */ = {isa = PBXBuildFile; fileRef = AB576C951F1A4831006338EC /* Main.storyboard */; };
		AB576C991F1A4831006338EC /* Assets.xcassets in Resources */ = {isa = PBXBuildFile; fileRef = AB576C981F1A4831006338EC /* Assets.xcassets */; };
		AB576C9C1F1A4831006338EC /* LaunchScreen.storyboard in Resources */ = {isa = PBXBuildFile; fileRef = AB576C9A1F1A4831006338EC /* LaunchScreen.storyboard */; };
		AB576CA71F1A4831006338EC /* ci_sandboxTests.swift in Sources */ = {isa = PBXBuildFile; fileRef = AB576CA61F1A4831006338EC /* ci_sandboxTests.swift */; };
		AB576CB21F1A4831006338EC /* ci_sandboxUITests.swift in Sources */ = {isa = PBXBuildFile; fileRef = AB576CB11F1A4831006338EC /* ci_sandboxUITests.swift */; };
/* End PBXBuildFile section */

/* Begin PBXContainerItemProxy section */
		AB576CA31F1A4831006338EC /* PBXContainerItemProxy */ = {
			isa = PBXContainerItemProxy;
			containerPortal = AB576C861F1A4831006338EC /* Project object */;
			proxyType = 1;
			remoteGlobalIDString = AB576C8D1F1A4831006338EC;
			remoteInfo = "ci sandbox";
		};
		AB576CAE1F1A4831006338EC /* PBXContainerItemProxy */ = {
			isa = PBXContainerItemProxy;
			containerPortal = AB576C861F1A4831006338EC /* Project object */;
			proxyType = 1;
			remoteGlobalIDString = AB576C8D1F1A4831006338EC;
			remoteInfo = "ci sandbox";
		};
/* End PBXContainerItemProxy section */

/* Begin PBXFileReference section */
		AB576C8E1F1A4831006338EC /* ci sandbox.app */ = {isa = PBXFileReference; explicitFileType = wrapper.application; includeInIndex = 0; path = "ci sandbox.app"; sourceTree = BUILT_PRODUCTS_DIR; };
		AB576C911F1A4831006338EC /* AppDelegate.swift */ = {isa = PBXFileReference; lastKnownFileType = sourcecode.swift; path = AppDelegate.swift; sourceTree = "<group>"; };
		AB576C931F1A4831006338EC /* ViewController.swift */ = {isa = PBXFileReference; lastKnownFileType = sourcecode.swift; path = ViewController.swift; sourceTree = "<group>"; };
		AB576C961F1A4831006338EC /* Base */ = {isa = PBXFileReference; lastKnownFileType = file.storyboard; name = Base; path = Base.lproj/Main.storyboard; sourceTree = "<group>"; };
		AB576C981F1A4831006338EC /* Assets.xcassets */ = {isa = PBXFileReference; lastKnownFileType = folder.assetcatalog; path = Assets.xcassets; sourceTree = "<group>"; };
		AB576C9B1F1A4831006338EC /* Base */ = {isa = PBXFileReference; lastKnownFileType = file.storyboard; name = Base; path = Base.lproj/LaunchScreen.storyboard; sourceTree = "<group>"; };
		AB576C9D1F1A4831006338EC /* Info.plist */ = {isa = PBXFileReference; lastKnownFileType = text.plist.xml; path = Info.plist; sourceTree = "<group>"; };
		AB576CA21F1A4831006338EC /* ci sandboxTests.xctest */ = {isa = PBXFileReference; explicitFileType = wrapper.cfbundle; includeInIndex = 0; path = "ci sandboxTests.xctest"; sourceTree = BUILT_PRODUCTS_DIR; };
		AB576CA61F1A4831006338EC /* ci_sandboxTests.swift */ = {isa = PBXFileReference; lastKnownFileType = sourcecode.swift; path = ci_sandboxTests.swift; sourceTree = "<group>"; };
		AB576CA81F1A4831006338EC /* Info.plist */ = {isa = PBXFileReference; lastKnownFileType = text.plist.xml; path = Info.plist; sourceTree = "<group>"; };
		AB576CAD1F1A4831006338EC /* ci sandboxUITests.xctest */ = {isa = PBXFileReference; explicitFileType = wrapper.cfbundle; includeInIndex = 0; path = "ci sandboxUITests.xctest"; sourceTree = BUILT_PRODUCTS_DIR; };
		AB576CB11F1A4831006338EC /* ci_sandboxUITests.swift */ = {isa = PBXFileReference; lastKnownFileType = sourcecode.swift; path = ci_sandboxUITests.swift; sourceTree = "<group>"; };
		AB576CB31F1A4831006338EC /* Info.plist */ = {isa = PBXFileReference; lastKnownFileType = text.plist.xml; path = Info.plist; sourceTree = "<group>"; };
/* End PBXFileReference section */

/* Begin PBXFrameworksBuildPhase section */
		AB576C8B1F1A4831006338EC /* Frameworks */ = {
			isa = PBXFrameworksBuildPhase;
			buildActionMask = 2147483647;
			files = (
			);
			runOnlyForDeploymentPostprocessing = 0;
		};
		AB576C9F1F1A4831006338EC /* Frameworks */ = {
			isa = PBXFrameworksBuildPhase;
			buildActionMask = 2147483647;
			files = (
			);
			runOnlyForDeploymentPostprocessing = 0;
		};
		AB576CAA1F1A4831006338EC /* Frameworks */ = {
			isa = PBXFrameworksBuildPhase;
			buildActionMask = 2147483647;
			files = (
			);
			runOnlyForDeploymentPostprocessing = 0;
		};
/* End PBXFrameworksBuildPhase section */

/* Begin PBXGroup section */
		AB576C851F1A4831006338EC = {
			isa = PBXGroup;
			children = (
				AB576C901F1A4831006338EC /* ci sandbox */,
				AB576CA51F1A4831006338EC /* ci sandboxTests */,
				AB576CB01F1A4831006338EC /* ci sandboxUITests */,
				AB576C8F1F1A4831006338EC /* Products */,
			);
			sourceTree = "<group>";
		};
		AB576C8F1F1A4831006338EC /* Products */ = {
			isa = PBXGroup;
			children = (
				AB576C8E1F1A4831006338EC /* ci sandbox.app */,
				AB576CA21F1A4831006338EC /* ci sandboxTests.xctest */,
				AB576CAD1F1A4831006338EC /* ci sandboxUITests.xctest */,
			);
			name = Products;
			sourceTree = "<group>";
		};
		AB576C901F1A4831006338EC /* ci sandbox */ = {
			isa = PBXGroup;
			children = (
				AB576C911F1A4831006338EC /* AppDelegate.swift */,
				AB576C931F1A4831006338EC /* ViewController.swift */,
				AB576C951F1A4831006338EC /* Main.storyboard */,
				AB576C981F1A4831006338EC /* Assets.xcassets */,
				AB576C9A1F1A4831006338EC /* LaunchScreen.storyboard */,
				AB576C9D1F1A4831006338EC /* Info.plist */,
			);
			path = "ci sandbox";
			sourceTree = "<group>";
		};
		AB576CA51F1A4831006338EC /* ci sandboxTests */ = {
			isa = PBXGroup;
			children = (
				AB576CA61F1A4831006338EC /* ci_sandboxTests.swift */,
				AB576CA81F1A4831006338EC /* Info.plist */,
			);
			path = "ci sandboxTests";
			sourceTree = "<group>";
		};
		AB576CB01F1A4831006338EC /* ci sandboxUITests */ = {
			isa = PBXGroup;
			children = (
				AB576CB11F1A4831006338EC /* ci_sandboxUITests.swift */,
				AB576CB31F1A4831006338EC /* Info.plist */,
			);
			path = "ci sandboxUITests";
			sourceTree = "<group>";
		};
/* End PBXGroup section */

/* Begin PBXNativeTarget section */
		AB576C8D1F1A4831006338EC /* ci sandbox */ = {
			isa = PBXNativeTarget;
			buildConfigurationList = AB576CB61F1A4831006338EC /* Build configuration list for PBXNativeTarget "ci sandbox" */;
			buildPhases = (
				AB576C8A1F1A4831006338EC /* Sources */,
				AB576C8B1F1A4831006338EC /* Frameworks */,
				AB576C8C1F1A4831006338EC /* Resources */,
			);
			buildRules = (
			);
			dependencies = (
			);
			name = "ci sandbox";
			productName = "ci sandbox";
			productReference = AB576C8E1F1A4831006338EC /* ci sandbox.app */;
			productType = "com.apple.product-type.application";
		};
		AB576CA11F1A4831006338EC /* ci sandboxTests */ = {
			isa = PBXNativeTarget;
			buildConfigurationList = AB576CB91F1A4831006338EC /* Build configuration list for PBXNativeTarget "ci sandboxTests" */;
			buildPhases = (
				AB576C9E1F1A4831006338EC /* Sources */,
				AB576C9F1F1A4831006338EC /* Frameworks */,
				AB576CA01F1A4831006338EC /* Resources */,
			);
			buildRules = (
			);
			dependencies = (
				AB576CA41F1A4831006338EC /* PBXTargetDependency */,
			);
			name = "ci sandboxTests";
			productName = "ci sandboxTests";
			productReference = AB576CA21F1A4831006338EC /* ci sandboxTests.xctest */;
			productType = "com.apple.product-type.bundle.unit-test";
		};
		AB576CAC1F1A4831006338EC /* ci sandboxUITests */ = {
			isa = PBXNativeTarget;
			buildConfigurationList = AB576CBC1F1A4831006338EC /* Build configuration list for PBXNativeTarget "ci sandboxUITests" */;
			buildPhases = (
				AB576CA91F1A4831006338EC /* Sources */,
				AB576CAA1F1A4831006338EC /* Frameworks */,
				AB576CAB1F1A4831006338EC /* Resources */,
			);
			buildRules = (
			);
			dependencies = (
				AB576CAF1F1A4831006338EC /* PBXTargetDependency */,
			);
			name = "ci sandboxUITests";
			productName = "ci sandboxUITests";
			productReference = AB576CAD1F1A4831006338EC /* ci sandboxUITests.xctest */;
			productType = "com.apple.product-type.bundle.ui-testing";
		};
/* End PBXNativeTarget section */

/* Begin PBXProject section */
		AB576C861F1A4831006338EC /* Project object */ = {
			isa = PBXProject;
			attributes = {
				LastSwiftUpdateCheck = 0830;
				LastUpgradeCheck = 0830;
				ORGANIZATIONNAME = "Rob Cook";
				TargetAttributes = {
					AB576C8D1F1A4831006338EC = {
						CreatedOnToolsVersion = 8.3.3;
						ProvisioningStyle = Automatic;
					};
					AB576CA11F1A4831006338EC = {
						CreatedOnToolsVersion = 8.3.3;
						ProvisioningStyle = Automatic;
						TestTargetID = AB576C8D1F1A4831006338EC;
					};
					AB576CAC1F1A4831006338EC = {
						CreatedOnToolsVersion = 8.3.3;
						ProvisioningStyle = Automatic;
						TestTargetID = AB576C8D1F1A4831006338EC;
					};
				};
			};
			buildConfigurationList = AB576C891F1A4831006338EC /* Build configuration list for PBXProject "ci sandbox" */;
			compatibilityVersion = "Xcode 3.2";
			developmentRegion = English;
			hasScannedForEncodings = 0;
			knownRegions = (
				en,
				Base,
			);
			mainGroup = AB576C851F1A4831006338EC;
			productRefGroup = AB576C8F1F1A4831006338EC /* Products */;
			projectDirPath = "";
			projectRoot = "";
			targets = (
				AB576C8D1F1A4831006338EC /* ci sandbox */,
				AB576CA11F1A4831006338EC /* ci sandboxTests */,
				AB576CAC1F1A4831006338EC /* ci sandboxUITests */,
			);
		};
/* End PBXProject section */

/* Begin PBXResourcesBuildPhase section */
		AB576C8C1F1A4831006338EC /* Resources */ = {
			isa = PBXResourcesBuildPhase;
			buildActionMask = 2147483647;
			files = (
				AB576C9C1F1A4831006338EC /* LaunchScreen.storyboard in Resources */,
				AB576C991F1A4831006338EC /* Assets.xcassets in Resources */,
				AB576C971F1A4831006338EC /* Main.storyboard in Resources */,
			);
			runOnlyForDeploymentPostprocessing = 0;
		};
		AB576CA01F1A4831006338EC /* Resources */ = {
			isa = PBXResourcesBuildPhase;
			buildActionMask = 2147483647;
			files = (
			);
			runOnlyForDeploymentPostprocessing = 0;
		};
		AB576CAB1F1A4831006338EC /* Resources */ = {
			isa = PBXResourcesBuildPhase;
			buildActionMask = 2147483647;
			files = (
			);
			runOnlyForDeploymentPostprocessing = 0;
		};
/* End PBXResourcesBuildPhase section */

/* Begin PBXSourcesBuildPhase section */
		AB576C8A1F1A4831006338EC /* Sources */ = {
			isa = PBXSourcesBuildPhase;
			buildActionMask = 2147483647;
			files = (
				AB576C941F1A4831006338EC /* ViewController.swift in Sources */,
				AB576C921F1A4831006338EC /* AppDelegate.swift in Sources */,
			);
			runOnlyForDeploymentPostprocessing = 0;
		};
		AB576C9E1F1A4831006338EC /* Sources */ = {
			isa = PBXSourcesBuildPhase;
			buildActionMask = 2147483647;
			files = (
				AB576CA71F1A4831006338EC /* ci_sandboxTests.swift in Sources */,
			);
			runOnlyForDeploymentPostprocessing = 0;
		};
		AB576CA91F1A4831006338EC /* Sources */ = {
			isa = PBXSourcesBuildPhase;
			buildActionMask = 2147483647;
			files = (
				AB576CB21F1A4831006338EC /* ci_sandboxUITests.swift in Sources */,
			);
			runOnlyForDeploymentPostprocessing = 0;
		};
/* End PBXSourcesBuildPhase section */

/* Begin PBXTargetDependency section */
		AB576CA41F1A4831006338EC /* PBXTargetDependency */ = {
			isa = PBXTargetDependency;
			target = AB576C8D1F1A4831006338EC /* ci sandbox */;
			targetProxy = AB576CA31F1A4831006338EC /* PBXContainerItemProxy */;
		};
		AB576CAF1F1A4831006338EC /* PBXTargetDependency */ = {
			isa = PBXTargetDependency;
			target = AB576C8D1F1A4831006338EC /* ci sandbox */;
			targetProxy = AB576CAE1F1A4831006338EC /* PBXContainerItemProxy */;
		};
/* End PBXTargetDependency section */

/* Begin PBXVariantGroup section */
		AB576C951F1A4831006338EC /* Main.storyboard */ = {
			isa = PBXVariantGroup;
			children = (
				AB576C961F1A4831006338EC /* Base */,
			);
			name = Main.storyboard;
			sourceTree = "<group>";
		};
		AB576C9A1F1A4831006338EC /* LaunchScreen.storyboard */ = {
			isa = PBXVariantGroup;
			children = (
				AB576C9B1F1A4831006338EC /* Base */,
			);
			name = LaunchScreen.storyboard;
			sourceTree = "<group>";
		};
/* End PBXVariantGroup section */

/* Begin XCBuildConfiguration section */
		AB576CB41F1A4831006338EC /* Debug */ = {
			isa = XCBuildConfiguration;
			buildSettings = {
				ALWAYS_SEARCH_USER_PATHS = NO;
				CLANG_ANALYZER_NONNULL = YES;
				CLANG_ANALYZER_NUMBER_OBJECT_CONVERSION = YES_AGGRESSIVE;
				CLANG_CXX_LANGUAGE_STANDARD = "gnu++0x";
				CLANG_CXX_LIBRARY = "libc++";
				CLANG_ENABLE_MODULES = YES;
				CLANG_ENABLE_OBJC_ARC = YES;
				CLANG_WARN_BOOL_CONVERSION = YES;
				CLANG_WARN_CONSTANT_CONVERSION = YES;
				CLANG_WARN_DIRECT_OBJC_ISA_USAGE = YES_ERROR;
				CLANG_WARN_DOCUMENTATION_COMMENTS = YES;
				CLANG_WARN_EMPTY_BODY = YES;
				CLANG_WARN_ENUM_CONVERSION = YES;
				CLANG_WARN_INFINITE_RECURSION = YES;
				CLANG_WARN_INT_CONVERSION = YES;
				CLANG_WARN_OBJC_ROOT_CLASS = YES_ERROR;
				CLANG_WARN_SUSPICIOUS_MOVE = YES;
				CLANG_WARN_UNREACHABLE_CODE = YES;
				CLANG_WARN__DUPLICATE_METHOD_MATCH = YES;
				"CODE_SIGN_IDENTITY[sdk=iphoneos*]" = "iPhone Developer";
				COPY_PHASE_STRIP = NO;
				DEBUG_INFORMATION_FORMAT = dwarf;
				ENABLE_STRICT_OBJC_MSGSEND = YES;
				ENABLE_TESTABILITY = YES;
				GCC_C_LANGUAGE_STANDARD = gnu99;
				GCC_DYNAMIC_NO_PIC = NO;
				GCC_NO_COMMON_BLOCKS = YES;
				GCC_OPTIMIZATION_LEVEL = 0;
				GCC_PREPROCESSOR_DEFINITIONS = (
					"DEBUG=1",
					"$(inherited)",
				);
				GCC_WARN_64_TO_32_BIT_CONVERSION = YES;
				GCC_WARN_ABOUT_RETURN_TYPE = YES_ERROR;
				GCC_WARN_UNDECLARED_SELECTOR = YES;
				GCC_WARN_UNINITIALIZED_AUTOS = YES_AGGRESSIVE;
				GCC_WARN_UNUSED_FUNCTION = YES;
				GCC_WARN_UNUSED_VARIABLE = YES;
				IPHONEOS_DEPLOYMENT_TARGET = 10.3;
				MTL_ENABLE_DEBUG_INFO = YES;
				ONLY_ACTIVE_ARCH = YES;
				SDKROOT = iphoneos;
				SWIFT_ACTIVE_COMPILATION_CONDITIONS = DEBUG;
				SWIFT_OPTIMIZATION_LEVEL = "-Onone";
				TARGETED_DEVICE_FAMILY = "1,2";
			};
			name = Debug;
		};
		AB576CB51F1A4831006338EC /* Release */ = {
			isa = XCBuildConfiguration;
			buildSettings = {
				ALWAYS_SEARCH_USER_PATHS = NO;
				CLANG_ANALYZER_NONNULL = YES;
				CLANG_ANALYZER_NUMBER_OBJECT_CONVERSION = YES_AGGRESSIVE;
				CLANG_CXX_LANGUAGE_STANDARD = "gnu++0x";
				CLANG_CXX_LIBRARY = "libc++";
				CLANG_ENABLE_MODULES = YES;
				CLANG_ENABLE_OBJC_ARC = YES;
				CLANG_WARN_BOOL_CONVERSION = YES;
				CLANG_WARN_CONSTANT_CONVERSION = YES;
				CLANG_WARN_DIRECT_OBJC_ISA_USAGE = YES_ERROR;
				CLANG_WARN_DOCUMENTATION_COMMENTS = YES;
				CLANG_WARN_EMPTY_BODY = YES;
				CLANG_WARN_ENUM_CONVERSION = YES;
				CLANG_WARN_INFINITE_RECURSION = YES;
				CLANG_WARN_INT_CONVERSION = YES;
				CLANG_WARN_OBJC_ROOT_CLASS = YES_ERROR;
				CLANG_WARN_SUSPICIOUS_MOVE = YES;
				CLANG_WARN_UNREACHABLE_CODE = YES;
				CLANG_WARN__DUPLICATE_METHOD_MATCH = YES;
				"CODE_SIGN_IDENTITY[sdk=iphoneos*]" = "iPhone Developer";
				COPY_PHASE_STRIP = NO;
				DEBUG_INFORMATION_FORMAT = "dwarf-with-dsym";
				ENABLE_NS_ASSERTIONS = NO;
				ENABLE_STRICT_OBJC_MSGSEND = YES;
				GCC_C_LANGUAGE_STANDARD = gnu99;
				GCC_NO_COMMON_BLOCKS = YES;
				GCC_WARN_64_TO_32_BIT_CONVERSION = YES;
				GCC_WARN_ABOUT_RETURN_TYPE = YES_ERROR;
				GCC_WARN_UNDECLARED_SELECTOR = YES;
				GCC_WARN_UNINITIALIZED_AUTOS = YES_AGGRESSIVE;
				GCC_WARN_UNUSED_FUNCTION = YES;
				GCC_WARN_UNUSED_VARIABLE = YES;
				IPHONEOS_DEPLOYMENT_TARGET = 10.3;
				MTL_ENABLE_DEBUG_INFO = NO;
				SDKROOT = iphoneos;
				SWIFT_OPTIMIZATION_LEVEL = "-Owholemodule";
				TARGETED_DEVICE_FAMILY = "1,2";
				VALIDATE_PRODUCT = YES;
			};
			name = Release;
		};
		AB576CB71F1A4831006338EC /* Debug */ = {
			isa = XCBuildConfiguration;
			buildSettings = {
				ASSETCATALOG_COMPILER_APPICON_NAME = AppIcon;
				INFOPLIST_FILE = "ci sandbox/Info.plist";
				LD_RUNPATH_SEARCH_PATHS = "$(inherited) @executable_path/Frameworks";
				PRODUCT_BUNDLE_IDENTIFIER = "org.koocbor.ci-sandbox";
				PRODUCT_NAME = "$(TARGET_NAME)";
				SWIFT_VERSION = 3.0;
			};
			name = Debug;
		};
		AB576CB81F1A4831006338EC /* Release */ = {
			isa = XCBuildConfiguration;
			buildSettings = {
				ASSETCATALOG_COMPILER_APPICON_NAME = AppIcon;
				INFOPLIST_FILE = "ci sandbox/Info.plist";
				LD_RUNPATH_SEARCH_PATHS = "$(inherited) @executable_path/Frameworks";
				PRODUCT_BUNDLE_IDENTIFIER = "org.koocbor.ci-sandbox";
				PRODUCT_NAME = "$(TARGET_NAME)";
				SWIFT_VERSION = 3.0;
			};
			name = Release;
		};
		AB576CBA1F1A4831006338EC /* Debug */ = {
			isa = XCBuildConfiguration;
			buildSettings = {
				ALWAYS_EMBED_SWIFT_STANDARD_LIBRARIES = YES;
				BUNDLE_LOADER = "$(TEST_HOST)";
				INFOPLIST_FILE = "ci sandboxTests/Info.plist";
				LD_RUNPATH_SEARCH_PATHS = "$(inherited) @executable_path/Frameworks @loader_path/Frameworks";
				PRODUCT_BUNDLE_IDENTIFIER = "org.koocbor.ci-sandboxTests";
				PRODUCT_NAME = "$(TARGET_NAME)";
				SWIFT_VERSION = 3.0;
				TEST_HOST = "$(BUILT_PRODUCTS_DIR)/ci sandbox.app/ci sandbox";
			};
			name = Debug;
		};
		AB576CBB1F1A4831006338EC /* Release */ = {
			isa = XCBuildConfiguration;
			buildSettings = {
				ALWAYS_EMBED_SWIFT_STANDARD_LIBRARIES = YES;
				BUNDLE_LOADER = "$(TEST_HOST)";
				INFOPLIST_FILE = "ci sandboxTests/Info.plist";
				LD_RUNPATH_SEARCH_PATHS = "$(inherited) @executable_path/Frameworks @loader_path/Frameworks";
				PRODUCT_BUNDLE_IDENTIFIER = "org.koocbor.ci-sandboxTests";
				PRODUCT_NAME = "$(TARGET_NAME)";
				SWIFT_VERSION = 3.0;
				TEST_HOST = "$(BUILT_PRODUCTS_DIR)/ci sandbox.app/ci sandbox";
			};
			name = Release;
		};
		AB576CBD1F1A4831006338EC /* Debug */ = {
			isa = XCBuildConfiguration;
			buildSettings = {
				ALWAYS_EMBED_SWIFT_STANDARD_LIBRARIES = YES;
				INFOPLIST_FILE = "ci sandboxUITests/Info.plist";
				LD_RUNPATH_SEARCH_PATHS = "$(inherited) @executable_path/Frameworks @loader_path/Frameworks";
				PRODUCT_BUNDLE_IDENTIFIER = "org.koocbor.ci-sandboxUITests";
				PRODUCT_NAME = "$(TARGET_NAME)";
				SWIFT_VERSION = 3.0;
				TEST_TARGET_NAME = "ci sandbox";
			};
			name = Debug;
		};
		AB576CBE1F1A4831006338EC /* Release */ = {
			isa = XCBuildConfiguration;
			buildSettings = {
				ALWAYS_EMBED_SWIFT_STANDARD_LIBRARIES = YES;
				INFOPLIST_FILE = "ci sandboxUITests/Info.plist";
				LD_RUNPATH_SEARCH_PATHS = "$(inherited) @executable_path/Frameworks @loader_path/Frameworks";
				PRODUCT_BUNDLE_IDENTIFIER = "org.koocbor.ci-sandboxUITests";
				PRODUCT_NAME = "$(TARGET_NAME)";
				SWIFT_VERSION = 3.0;
				TEST_TARGET_NAME = "ci sandbox";
			};
			name = Release;
		};
/* End XCBuildConfiguration section */

/* Begin XCConfigurationList section */
		AB576C891F1A4831006338EC /* Build configuration list for PBXProject "ci sandbox" */ = {
			isa = XCConfigurationList;
			buildConfigurations = (
				AB576CB41F1A4831006338EC /* Debug */,
				AB576CB51F1A4831006338EC /* Release */,
			);
			defaultConfigurationIsVisible = 0;
			defaultConfigurationName = Release;
		};
		AB576CB61F1A4831006338EC /* Build configuration list for PBXNativeTarget "ci sandbox" */ = {
			isa = XCConfigurationList;
			buildConfigurations = (
				AB576CB71F1A4831006338EC /* Debug */,
				AB576CB81F1A4831006338EC /* Release */,
			);
			defaultConfigurationIsVisible = 0;
		};
		AB576CB91F1A4831006338EC /* Build configuration list for PBXNativeTarget "ci sandboxTests" */ = {
			isa = XCConfigurationList;
			buildConfigurations = (
				AB576CBA1F1A4831006338EC /* Debug */,
				AB576CBB1F1A4831006338EC /* Release */,
			);
			defaultConfigurationIsVisible = 0;
		};
		AB576CBC1F1A4831006338EC /* Build configuration list for PBXNativeTarget "ci sandboxUITests" */ = {
			isa = XCConfigurationList;
			buildConfigurations = (
				AB576CBD1F1A4831006338EC /* Debug */,
				AB576CBE1F1A4831006338EC /* Release */,
			);
			defaultConfigurationIsVisible = 0;
		};
/* End XCConfigurationList section */
	};
	rootObject = AB576C861F1A4831006338EC /* Project object */;
}
